
Microsoft Visual Studio Solution File, Format Version 12.00
# Visual Studio Version 17
VisualStudioVersion = 17.14.36717.8 d17.14
MinimumVisualStudioVersion = 10.0.40219.1
Project("{FAE04EC0-301F-11D3-BF4B-00C04F79EFBC}") = "AutomatedTransportEnquiry", "AutomatedTransportEnquiry\AutomatedTransportEnquiry.csproj", "{01FFD82D-7BC5-427F-811C-A5659D7952BB}"
EndProject
Global
	GlobalSection(SolutionConfigurationPlatforms) = preSolution
		Debug|Any CPU = Debug|Any CPU
		Release|Any CPU = Release|Any CPU
	EndGlobalSection
	GlobalSection(ProjectConfigurationPlatforms) = postSolution
		{01FFD82D-7BC5-427F-811C-A5659D7952BB}.Debug|Any CPU.ActiveCfg = Debug|Any CPU
		{01FFD82D-7BC5-427F-811C-A5659D7952BB}.Debug|Any CPU.Build.0 = Debug|Any CPU
		{01FFD82D-7BC5-427F-811C-A5659D7952BB}.Release|Any CPU.ActiveCfg = Release|Any CPU
		{01FFD82D-7BC5-427F-811C-A5659D7952BB}.Release|Any CPU.Build.0 = Release|Any CPU
	EndGlobalSection
	GlobalSection(SolutionProperties) = preSolution
		HideSolutionNode = FALSE
	EndGlobalSection
	GlobalSection(ExtensibilityGlobals) = postSolution
		SolutionGuid = {28A0E776-E5E0-443A-AE7D-0603419D393A}
	EndGlobalSection
EndGlobal
